
Microsoft Visual Studio Solution File, Format Version 12.00
# Visual Studio Version 16
VisualStudioVersion = 16.0.32901.82
MinimumVisualStudioVersion = 10.0.40219.1
Project("{FAE04EC0-301F-11D3-BF4B-00C04F79EFBC}") = "Calculator", "Calculator\Calculator.csproj", "{FA656B8C-CE50-44F0-B4CF-3AF8824EA61C}"
EndProject
Global
	GlobalSection(SolutionConfigurationPlatforms) = preSolution
		Debug|Any CPU = Debug|Any CPU
		Release|Any CPU = Release|Any CPU
	EndGlobalSection
	GlobalSection(ProjectConfigurationPlatforms) = postSolution
		{FA656B8C-CE50-44F0-B4CF-3AF8824EA61C}.Debug|Any CPU.ActiveCfg = Debug|Any CPU
		{FA656B8C-CE50-44F0-B4CF-3AF8824EA61C}.Debug|Any CPU.Build.0 = Debug|Any CPU
		{FA656B8C-CE50-44F0-B4CF-3AF8824EA61C}.Release|Any CPU.ActiveCfg = Release|Any CPU
		{FA656B8C-CE50-44F0-B4CF-3AF8824EA61C}.Release|Any CPU.Build.0 = Release|Any CPU
	EndGlobalSection
	GlobalSection(SolutionProperties) = preSolution
		HideSolutionNode = FALSE
	EndGlobalSection
	GlobalSection(ExtensibilityGlobals) = postSolution
		SolutionGuid = {FD44799F-1CA6-4258-AAB4-5C05B7155478}
	EndGlobalSection
EndGlobal
